
Microsoft Visual Studio Solution File, Format Version 11.00
# Visual Web Developer Express 2010
Project("{FAE04EC0-301F-11D3-BF4B-00C04F79EFBC}") = "PictureLink.GameLogic", "PictureLink.GameLogic\PictureLink.GameLogic.csproj", "{26901E26-21FC-4C1B-B837-CF373B50015A}"
EndProject
Project("{FAE04EC0-301F-11D3-BF4B-00C04F79EFBC}") = "PictureLink.Web", "SRTelestrations\PictureLink.Web.csproj", "{9E43A0C4-FF5B-4818-8AD9-AE141166CA92}"
EndProject
Project("{FAE04EC0-301F-11D3-BF4B-00C04F79EFBC}") = "PictureLink.Data", "PictureLink.Data\PictureLink.Data.csproj", "{581B498E-BF64-438E-A5EF-836A8DB23E69}"
EndProject
Project("{FAE04EC0-301F-11D3-BF4B-00C04F79EFBC}") = "PictureLink.Data.Test", "PictureLink.Data.Test\PictureLink.Data.Test.csproj", "{AD86FB08-DF47-4BDA-B21D-EC7F08EE3642}"
EndProject
Project("{FAE04EC0-301F-11D3-BF4B-00C04F79EFBC}") = "PictureLinkMVC.Web", "PictureLinkMVC.Web\PictureLinkMVC.Web.csproj", "{399764AB-5822-4F60-A30C-7C0F24E007EE}"
EndProject
Project("{FAE04EC0-301F-11D3-BF4B-00C04F79EFBC}") = "PictureLink.GameLogic.Test", "PictureLink.GameLogic.Test\PictureLink.GameLogic.Test.csproj", "{34378AF5-EC76-4B9F-BDD4-253F468C311E}"
EndProject
Global
	GlobalSection(SolutionConfigurationPlatforms) = preSolution
		Debug|Any CPU = Debug|Any CPU
		Release|Any CPU = Release|Any CPU
	EndGlobalSection
	GlobalSection(ProjectConfigurationPlatforms) = postSolution
		{26901E26-21FC-4C1B-B837-CF373B50015A}.Debug|Any CPU.ActiveCfg = Debug|Any CPU
		{26901E26-21FC-4C1B-B837-CF373B50015A}.Debug|Any CPU.Build.0 = Debug|Any CPU
		{26901E26-21FC-4C1B-B837-CF373B50015A}.Release|Any CPU.ActiveCfg = Release|Any CPU
		{26901E26-21FC-4C1B-B837-CF373B50015A}.Release|Any CPU.Build.0 = Release|Any CPU
		{9E43A0C4-FF5B-4818-8AD9-AE141166CA92}.Debug|Any CPU.ActiveCfg = Debug|Any CPU
		{9E43A0C4-FF5B-4818-8AD9-AE141166CA92}.Debug|Any CPU.Build.0 = Debug|Any CPU
		{9E43A0C4-FF5B-4818-8AD9-AE141166CA92}.Release|Any CPU.ActiveCfg = Release|Any CPU
		{9E43A0C4-FF5B-4818-8AD9-AE141166CA92}.Release|Any CPU.Build.0 = Release|Any CPU
		{581B498E-BF64-438E-A5EF-836A8DB23E69}.Debug|Any CPU.ActiveCfg = Debug|Any CPU
		{581B498E-BF64-438E-A5EF-836A8DB23E69}.Debug|Any CPU.Build.0 = Debug|Any CPU
		{581B498E-BF64-438E-A5EF-836A8DB23E69}.Release|Any CPU.ActiveCfg = Release|Any CPU
		{581B498E-BF64-438E-A5EF-836A8DB23E69}.Release|Any CPU.Build.0 = Release|Any CPU
		{AD86FB08-DF47-4BDA-B21D-EC7F08EE3642}.Debug|Any CPU.ActiveCfg = Debug|Any CPU
		{AD86FB08-DF47-4BDA-B21D-EC7F08EE3642}.Debug|Any CPU.Build.0 = Debug|Any CPU
		{AD86FB08-DF47-4BDA-B21D-EC7F08EE3642}.Release|Any CPU.ActiveCfg = Release|Any CPU
		{AD86FB08-DF47-4BDA-B21D-EC7F08EE3642}.Release|Any CPU.Build.0 = Release|Any CPU
		{399764AB-5822-4F60-A30C-7C0F24E007EE}.Debug|Any CPU.ActiveCfg = Debug|Any CPU
		{399764AB-5822-4F60-A30C-7C0F24E007EE}.Debug|Any CPU.Build.0 = Debug|Any CPU
		{399764AB-5822-4F60-A30C-7C0F24E007EE}.Release|Any CPU.ActiveCfg = Release|Any CPU
		{399764AB-5822-4F60-A30C-7C0F24E007EE}.Release|Any CPU.Build.0 = Release|Any CPU
		{34378AF5-EC76-4B9F-BDD4-253F468C311E}.Debug|Any CPU.ActiveCfg = Debug|Any CPU
		{34378AF5-EC76-4B9F-BDD4-253F468C311E}.Release|Any CPU.ActiveCfg = Release|Any CPU
		{34378AF5-EC76-4B9F-BDD4-253F468C311E}.Release|Any CPU.Build.0 = Release|Any CPU
	EndGlobalSection
	GlobalSection(SolutionProperties) = preSolution
		HideSolutionNode = FALSE
	EndGlobalSection
EndGlobal
