
Microsoft Visual Studio Solution File, Format Version 12.00
# Visual Studio 2012
Project("{FAE04EC0-301F-11D3-BF4B-00C04F79EFBC}") = "PictureLink.GameLogic", "PictureLink.GameLogic\PictureLink.GameLogic.csproj", "{26901E26-21FC-4C1B-B837-CF373B50015A}"
EndProject
Project("{FAE04EC0-301F-11D3-BF4B-00C04F79EFBC}") = "PictureLink.GameLogic.Test", "PictureLink.GameLogic.Test\PictureLink.GameLogic.Test.csproj", "{C5E4C5FC-F4DF-4DC3-8757-C0AAAB06B763}"
EndProject
Project("{FAE04EC0-301F-11D3-BF4B-00C04F79EFBC}") = "PictureLink.Web", "SRTelestrations\PictureLink.Web.csproj", "{9E43A0C4-FF5B-4818-8AD9-AE141166CA92}"
EndProject
Global
	GlobalSection(SolutionConfigurationPlatforms) = preSolution
		Debug|Any CPU = Debug|Any CPU
		Release|Any CPU = Release|Any CPU
	EndGlobalSection
	GlobalSection(ProjectConfigurationPlatforms) = postSolution
		{26901E26-21FC-4C1B-B837-CF373B50015A}.Debug|Any CPU.ActiveCfg = Debug|Any CPU
		{26901E26-21FC-4C1B-B837-CF373B50015A}.Debug|Any CPU.Build.0 = Debug|Any CPU
		{26901E26-21FC-4C1B-B837-CF373B50015A}.Release|Any CPU.ActiveCfg = Release|Any CPU
		{26901E26-21FC-4C1B-B837-CF373B50015A}.Release|Any CPU.Build.0 = Release|Any CPU
		{C5E4C5FC-F4DF-4DC3-8757-C0AAAB06B763}.Debug|Any CPU.ActiveCfg = Debug|Any CPU
		{C5E4C5FC-F4DF-4DC3-8757-C0AAAB06B763}.Debug|Any CPU.Build.0 = Debug|Any CPU
		{C5E4C5FC-F4DF-4DC3-8757-C0AAAB06B763}.Release|Any CPU.ActiveCfg = Release|Any CPU
		{C5E4C5FC-F4DF-4DC3-8757-C0AAAB06B763}.Release|Any CPU.Build.0 = Release|Any CPU
		{9E43A0C4-FF5B-4818-8AD9-AE141166CA92}.Debug|Any CPU.ActiveCfg = Debug|Any CPU
		{9E43A0C4-FF5B-4818-8AD9-AE141166CA92}.Debug|Any CPU.Build.0 = Debug|Any CPU
		{9E43A0C4-FF5B-4818-8AD9-AE141166CA92}.Release|Any CPU.ActiveCfg = Release|Any CPU
		{9E43A0C4-FF5B-4818-8AD9-AE141166CA92}.Release|Any CPU.Build.0 = Release|Any CPU
	EndGlobalSection
	GlobalSection(SolutionProperties) = preSolution
		HideSolutionNode = FALSE
	EndGlobalSection
EndGlobal
